
Microsoft Visual Studio Solution File, Format Version 12.00
# Visual Studio 15
VisualStudioVersion = 15.0.28307.705
MinimumVisualStudioVersion = 10.0.40219.1
Project("{FAE04EC0-301F-11D3-BF4B-00C04F79EFBC}") = "moviesApp", "moviesApp\moviesApp.csproj", "{9E925E92-7F18-4CA0-B30C-5BE0CF17DB77}"
EndProject
Project("{FAE04EC0-301F-11D3-BF4B-00C04F79EFBC}") = "ClassLibrary1", "ClassLibrary1\ClassLibrary1.csproj", "{B6AABC2B-750A-47D2-9DAB-31C3E48DAF1C}"
EndProject
Global
	GlobalSection(SolutionConfigurationPlatforms) = preSolution
		Debug|Any CPU = Debug|Any CPU
		Release|Any CPU = Release|Any CPU
	EndGlobalSection
	GlobalSection(ProjectConfigurationPlatforms) = postSolution
		{9E925E92-7F18-4CA0-B30C-5BE0CF17DB77}.Debug|Any CPU.ActiveCfg = Debug|Any CPU
		{9E925E92-7F18-4CA0-B30C-5BE0CF17DB77}.Debug|Any CPU.Build.0 = Debug|Any CPU
		{9E925E92-7F18-4CA0-B30C-5BE0CF17DB77}.Release|Any CPU.ActiveCfg = Release|Any CPU
		{9E925E92-7F18-4CA0-B30C-5BE0CF17DB77}.Release|Any CPU.Build.0 = Release|Any CPU
		{B6AABC2B-750A-47D2-9DAB-31C3E48DAF1C}.Debug|Any CPU.ActiveCfg = Debug|Any CPU
		{B6AABC2B-750A-47D2-9DAB-31C3E48DAF1C}.Debug|Any CPU.Build.0 = Debug|Any CPU
		{B6AABC2B-750A-47D2-9DAB-31C3E48DAF1C}.Release|Any CPU.ActiveCfg = Release|Any CPU
		{B6AABC2B-750A-47D2-9DAB-31C3E48DAF1C}.Release|Any CPU.Build.0 = Release|Any CPU
	EndGlobalSection
	GlobalSection(SolutionProperties) = preSolution
		HideSolutionNode = FALSE
	EndGlobalSection
	GlobalSection(ExtensibilityGlobals) = postSolution
		SolutionGuid = {720ADD32-D24A-471B-BE47-170ECABDD909}
	EndGlobalSection
EndGlobal
